
Microsoft Visual Studio Solution File, Format Version 11.00
# Visual Studio 2010
Project("{FAE04EC0-301F-11D3-BF4B-00C04F79EFBC}") = "CardTutorial", "CardTutorial\CardTutorial.csproj", "{3FEF96FE-BA20-4765-8570-FDB7E0806118}"
EndProject
Global
	GlobalSection(SolutionConfigurationPlatforms) = preSolution
		Debug|x86 = Debug|x86
		Release|x86 = Release|x86
	EndGlobalSection
	GlobalSection(ProjectConfigurationPlatforms) = postSolution
		{3FEF96FE-BA20-4765-8570-FDB7E0806118}.Debug|x86.ActiveCfg = Debug|x86
		{3FEF96FE-BA20-4765-8570-FDB7E0806118}.Debug|x86.Build.0 = Debug|x86
		{3FEF96FE-BA20-4765-8570-FDB7E0806118}.Release|x86.ActiveCfg = Release|x86
		{3FEF96FE-BA20-4765-8570-FDB7E0806118}.Release|x86.Build.0 = Release|x86
	EndGlobalSection
	GlobalSection(SolutionProperties) = preSolution
		HideSolutionNode = FALSE
	EndGlobalSection
EndGlobal
